
Microsoft Visual Studio Solution File, Format Version 12.00
# Visual Studio Version 16
VisualStudioVersion = 25.0.1706.12
MinimumVisualStudioVersion = 10.0.40219.1
Project("{2150E333-8FDC-42A3-9474-1A3956D46DE8}") = "Services", "Services", "{FC556783-3393-4366-8927-E4D2F3FDD68B}"
EndProject
Project("{2150E333-8FDC-42A3-9474-1A3956D46DE8}") = "Catalog", "Catalog", "{1001EC44-4AB9-4A59-AB48-B5C0B957FF05}"
EndProject
Project("{FAE04EC0-301F-11D3-BF4B-00C04F79EFBC}") = "Shop.Catalog", "Services\Catalog\Shop.Catalog\Shop.Catalog.csproj", "{DBF37AEA-A4E6-42AF-B4E6-6F7F467ADA3F}"
EndProject
Project("{2150E333-8FDC-42A3-9474-1A3956D46DE8}") = "Discount", "Discount", "{C70ED06B-5838-485C-8E17-90AAA4C8BCDE}"
EndProject
Project("{FAE04EC0-301F-11D3-BF4B-00C04F79EFBC}") = "Shop.Discount", "Services\Discount\Shop.Discount\Shop.Discount.csproj", "{45A990C3-EA15-45CE-8E12-F5A58CFEB17C}"
EndProject
Global
	GlobalSection(SolutionConfigurationPlatforms) = preSolution
		Debug|Any CPU = Debug|Any CPU
		Release|Any CPU = Release|Any CPU
	EndGlobalSection
	GlobalSection(ProjectConfigurationPlatforms) = postSolution
		{DBF37AEA-A4E6-42AF-B4E6-6F7F467ADA3F}.Debug|Any CPU.ActiveCfg = Debug|Any CPU
		{DBF37AEA-A4E6-42AF-B4E6-6F7F467ADA3F}.Debug|Any CPU.Build.0 = Debug|Any CPU
		{DBF37AEA-A4E6-42AF-B4E6-6F7F467ADA3F}.Release|Any CPU.ActiveCfg = Release|Any CPU
		{DBF37AEA-A4E6-42AF-B4E6-6F7F467ADA3F}.Release|Any CPU.Build.0 = Release|Any CPU
		{45A990C3-EA15-45CE-8E12-F5A58CFEB17C}.Debug|Any CPU.ActiveCfg = Debug|Any CPU
		{45A990C3-EA15-45CE-8E12-F5A58CFEB17C}.Debug|Any CPU.Build.0 = Debug|Any CPU
		{45A990C3-EA15-45CE-8E12-F5A58CFEB17C}.Release|Any CPU.ActiveCfg = Release|Any CPU
		{45A990C3-EA15-45CE-8E12-F5A58CFEB17C}.Release|Any CPU.Build.0 = Release|Any CPU
	EndGlobalSection
	GlobalSection(SolutionProperties) = preSolution
		HideSolutionNode = FALSE
	EndGlobalSection
	GlobalSection(ExtensibilityGlobals) = postSolution
		SolutionGuid = {96FD46E9-5B89-4F80-B095-E0A2FA163075}
	EndGlobalSection
	GlobalSection(NestedProjects) = preSolution
		{1001EC44-4AB9-4A59-AB48-B5C0B957FF05} = {FC556783-3393-4366-8927-E4D2F3FDD68B}
		{DBF37AEA-A4E6-42AF-B4E6-6F7F467ADA3F} = {1001EC44-4AB9-4A59-AB48-B5C0B957FF05}
		{C70ED06B-5838-485C-8E17-90AAA4C8BCDE} = {FC556783-3393-4366-8927-E4D2F3FDD68B}
		{45A990C3-EA15-45CE-8E12-F5A58CFEB17C} = {C70ED06B-5838-485C-8E17-90AAA4C8BCDE}
	EndGlobalSection
EndGlobal
