
Microsoft Visual Studio Solution File, Format Version 12.00
# Visual Studio Version 16
VisualStudioVersion = 25.0.1706.12
MinimumVisualStudioVersion = 10.0.40219.1
Project("{2150E333-8FDC-42A3-9474-1A3956D46DE8}") = "Services", "Services", "{FC556783-3393-4366-8927-E4D2F3FDD68B}"
EndProject
Project("{2150E333-8FDC-42A3-9474-1A3956D46DE8}") = "Catalog", "Catalog", "{1001EC44-4AB9-4A59-AB48-B5C0B957FF05}"
EndProject
Project("{FAE04EC0-301F-11D3-BF4B-00C04F79EFBC}") = "Shop.Catalog", "Services\Catalog\Shop.Catalog\Shop.Catalog.csproj", "{DBF37AEA-A4E6-42AF-B4E6-6F7F467ADA3F}"
EndProject
Project("{2150E333-8FDC-42A3-9474-1A3956D46DE8}") = "Discount", "Discount", "{C70ED06B-5838-485C-8E17-90AAA4C8BCDE}"
EndProject
Project("{FAE04EC0-301F-11D3-BF4B-00C04F79EFBC}") = "Shop.Discount", "Services\Discount\Shop.Discount\Shop.Discount.csproj", "{45A990C3-EA15-45CE-8E12-F5A58CFEB17C}"
EndProject
Project("{2150E333-8FDC-42A3-9474-1A3956D46DE8}") = "Order", "Order", "{1788C5E7-FD56-4026-9DB5-70DF2CA6B37E}"
EndProject
Project("{2150E333-8FDC-42A3-9474-1A3956D46DE8}") = "Core", "Core", "{098DA0DC-D075-4AB0-A853-B4FE38BF7DE3}"
EndProject
Project("{2150E333-8FDC-42A3-9474-1A3956D46DE8}") = "Infrastructure", "Infrastructure", "{F0277043-83A8-49A2-A754-67A70DCFF93C}"
EndProject
Project("{FAE04EC0-301F-11D3-BF4B-00C04F79EFBC}") = "MultiShop.Order.Domain", "Services\Order\Core\MultiShop.Order.Domain\MultiShop.Order.Domain.csproj", "{C8FA268C-9840-4931-B338-603268CCFC18}"
EndProject
Project("{FAE04EC0-301F-11D3-BF4B-00C04F79EFBC}") = "MultiShop.Order.Application", "Services\Order\Core\MultiShop.Order.Application\MultiShop.Order.Application.csproj", "{8B8EB2D2-B7BC-425B-9F8C-A41BEDF7712D}"
EndProject
Project("{FAE04EC0-301F-11D3-BF4B-00C04F79EFBC}") = "MultiShop.Order.Persistence", "Services\Order\Infrastructure\MultiShop.Order.Persistence\MultiShop.Order.Persistence.csproj", "{3FE88754-B264-4AD7-A6CE-E20D88AA21D1}"
EndProject
Project("{2150E333-8FDC-42A3-9474-1A3956D46DE8}") = "Presentation", "Presentation", "{8CF7ADCA-086D-4D9E-9B4B-D7F97EA1B9A2}"
EndProject
Project("{FAE04EC0-301F-11D3-BF4B-00C04F79EFBC}") = "MultiShop.Order.WebApi", "Services\Order\Presentation\MultiShop.Order.WebApi\MultiShop.Order.WebApi.csproj", "{224F4642-1E8B-4797-919F-78A2C43BBCAB}"
EndProject
Project("{2150E333-8FDC-42A3-9474-1A3956D46DE8}") = "IdentityServer", "IdentityServer", "{32C8A920-378A-485A-8DBF-7099838154ED}"
EndProject
Project("{FAE04EC0-301F-11D3-BF4B-00C04F79EFBC}") = "Shop.IdentityServer", "IdentityServer\Shop.IdentityServer\Shop.IdentityServer.csproj", "{F38C3CA1-BEEA-43CF-BD25-1975B331D060}"
EndProject
Project("{2150E333-8FDC-42A3-9474-1A3956D46DE8}") = "Cargo", "Cargo", "{0062F26A-86F5-48EA-A42D-0AE93F46CF06}"
EndProject
Project("{FAE04EC0-301F-11D3-BF4B-00C04F79EFBC}") = "Shop.Cargo.BusinessLayer", "Services\Cargo\Shop.Cargo.BusinessLayer\Shop.Cargo.BusinessLayer.csproj", "{33AC16EC-B91E-4DF3-92C8-090948C916F0}"
EndProject
Project("{FAE04EC0-301F-11D3-BF4B-00C04F79EFBC}") = "Shop.Cargo.EntityLayer", "Services\Cargo\Shop.Cargo.EntityLayer\Shop.Cargo.EntityLayer.csproj", "{10081818-3D43-4BB3-98AC-69BA5F20492A}"
EndProject
Project("{FAE04EC0-301F-11D3-BF4B-00C04F79EFBC}") = "Shop.Cargo.DataAccessLayer", "Services\Cargo\Shop.Cargo.DataAccessLayer\Shop.Cargo.DataAccessLayer.csproj", "{C1E14E42-BEB6-420D-AF4A-450F4ABC5D94}"
EndProject
Project("{FAE04EC0-301F-11D3-BF4B-00C04F79EFBC}") = "Shop.Cargo.DtoLayer", "Services\Cargo\Shop.Cargo.DtoLayer\Shop.Cargo.DtoLayer.csproj", "{09B2A231-A0C8-4904-A77F-9D1130D94105}"
EndProject
Project("{FAE04EC0-301F-11D3-BF4B-00C04F79EFBC}") = "Shop.Cargo.WebApi", "Services\Cargo\Shop.Cargo.WebApi\Shop.Cargo.WebApi.csproj", "{36BD32C0-9212-4FE1-BE5E-64ECA700E357}"
EndProject
Project("{2150E333-8FDC-42A3-9474-1A3956D46DE8}") = "Basket", "Basket", "{4472994A-D0CA-43CC-B9B1-3926383DBA99}"
EndProject
Project("{FAE04EC0-301F-11D3-BF4B-00C04F79EFBC}") = "Shop.Basket", "Services\Basket\Shop.Basket\Shop.Basket.csproj", "{CACCB1D3-897A-4DF4-98E8-212DA23C623B}"
EndProject
Global
	GlobalSection(SolutionConfigurationPlatforms) = preSolution
		Debug|Any CPU = Debug|Any CPU
		Release|Any CPU = Release|Any CPU
	EndGlobalSection
	GlobalSection(ProjectConfigurationPlatforms) = postSolution
		{DBF37AEA-A4E6-42AF-B4E6-6F7F467ADA3F}.Debug|Any CPU.ActiveCfg = Debug|Any CPU
		{DBF37AEA-A4E6-42AF-B4E6-6F7F467ADA3F}.Debug|Any CPU.Build.0 = Debug|Any CPU
		{DBF37AEA-A4E6-42AF-B4E6-6F7F467ADA3F}.Release|Any CPU.ActiveCfg = Release|Any CPU
		{DBF37AEA-A4E6-42AF-B4E6-6F7F467ADA3F}.Release|Any CPU.Build.0 = Release|Any CPU
		{45A990C3-EA15-45CE-8E12-F5A58CFEB17C}.Debug|Any CPU.ActiveCfg = Debug|Any CPU
		{45A990C3-EA15-45CE-8E12-F5A58CFEB17C}.Debug|Any CPU.Build.0 = Debug|Any CPU
		{45A990C3-EA15-45CE-8E12-F5A58CFEB17C}.Release|Any CPU.ActiveCfg = Release|Any CPU
		{45A990C3-EA15-45CE-8E12-F5A58CFEB17C}.Release|Any CPU.Build.0 = Release|Any CPU
		{C8FA268C-9840-4931-B338-603268CCFC18}.Debug|Any CPU.ActiveCfg = Debug|Any CPU
		{C8FA268C-9840-4931-B338-603268CCFC18}.Debug|Any CPU.Build.0 = Debug|Any CPU
		{C8FA268C-9840-4931-B338-603268CCFC18}.Release|Any CPU.ActiveCfg = Release|Any CPU
		{C8FA268C-9840-4931-B338-603268CCFC18}.Release|Any CPU.Build.0 = Release|Any CPU
		{8B8EB2D2-B7BC-425B-9F8C-A41BEDF7712D}.Debug|Any CPU.ActiveCfg = Debug|Any CPU
		{8B8EB2D2-B7BC-425B-9F8C-A41BEDF7712D}.Debug|Any CPU.Build.0 = Debug|Any CPU
		{8B8EB2D2-B7BC-425B-9F8C-A41BEDF7712D}.Release|Any CPU.ActiveCfg = Release|Any CPU
		{8B8EB2D2-B7BC-425B-9F8C-A41BEDF7712D}.Release|Any CPU.Build.0 = Release|Any CPU
		{3FE88754-B264-4AD7-A6CE-E20D88AA21D1}.Debug|Any CPU.ActiveCfg = Debug|Any CPU
		{3FE88754-B264-4AD7-A6CE-E20D88AA21D1}.Debug|Any CPU.Build.0 = Debug|Any CPU
		{3FE88754-B264-4AD7-A6CE-E20D88AA21D1}.Release|Any CPU.ActiveCfg = Release|Any CPU
		{3FE88754-B264-4AD7-A6CE-E20D88AA21D1}.Release|Any CPU.Build.0 = Release|Any CPU
		{224F4642-1E8B-4797-919F-78A2C43BBCAB}.Debug|Any CPU.ActiveCfg = Debug|Any CPU
		{224F4642-1E8B-4797-919F-78A2C43BBCAB}.Debug|Any CPU.Build.0 = Debug|Any CPU
		{224F4642-1E8B-4797-919F-78A2C43BBCAB}.Release|Any CPU.ActiveCfg = Release|Any CPU
		{224F4642-1E8B-4797-919F-78A2C43BBCAB}.Release|Any CPU.Build.0 = Release|Any CPU
		{F38C3CA1-BEEA-43CF-BD25-1975B331D060}.Debug|Any CPU.ActiveCfg = Debug|Any CPU
		{F38C3CA1-BEEA-43CF-BD25-1975B331D060}.Debug|Any CPU.Build.0 = Debug|Any CPU
		{F38C3CA1-BEEA-43CF-BD25-1975B331D060}.Release|Any CPU.ActiveCfg = Release|Any CPU
		{F38C3CA1-BEEA-43CF-BD25-1975B331D060}.Release|Any CPU.Build.0 = Release|Any CPU
		{33AC16EC-B91E-4DF3-92C8-090948C916F0}.Debug|Any CPU.ActiveCfg = Debug|Any CPU
		{33AC16EC-B91E-4DF3-92C8-090948C916F0}.Debug|Any CPU.Build.0 = Debug|Any CPU
		{33AC16EC-B91E-4DF3-92C8-090948C916F0}.Release|Any CPU.ActiveCfg = Release|Any CPU
		{33AC16EC-B91E-4DF3-92C8-090948C916F0}.Release|Any CPU.Build.0 = Release|Any CPU
		{10081818-3D43-4BB3-98AC-69BA5F20492A}.Debug|Any CPU.ActiveCfg = Debug|Any CPU
		{10081818-3D43-4BB3-98AC-69BA5F20492A}.Debug|Any CPU.Build.0 = Debug|Any CPU
		{10081818-3D43-4BB3-98AC-69BA5F20492A}.Release|Any CPU.ActiveCfg = Release|Any CPU
		{10081818-3D43-4BB3-98AC-69BA5F20492A}.Release|Any CPU.Build.0 = Release|Any CPU
		{C1E14E42-BEB6-420D-AF4A-450F4ABC5D94}.Debug|Any CPU.ActiveCfg = Debug|Any CPU
		{C1E14E42-BEB6-420D-AF4A-450F4ABC5D94}.Debug|Any CPU.Build.0 = Debug|Any CPU
		{C1E14E42-BEB6-420D-AF4A-450F4ABC5D94}.Release|Any CPU.ActiveCfg = Release|Any CPU
		{C1E14E42-BEB6-420D-AF4A-450F4ABC5D94}.Release|Any CPU.Build.0 = Release|Any CPU
		{09B2A231-A0C8-4904-A77F-9D1130D94105}.Debug|Any CPU.ActiveCfg = Debug|Any CPU
		{09B2A231-A0C8-4904-A77F-9D1130D94105}.Debug|Any CPU.Build.0 = Debug|Any CPU
		{09B2A231-A0C8-4904-A77F-9D1130D94105}.Release|Any CPU.ActiveCfg = Release|Any CPU
		{09B2A231-A0C8-4904-A77F-9D1130D94105}.Release|Any CPU.Build.0 = Release|Any CPU
		{36BD32C0-9212-4FE1-BE5E-64ECA700E357}.Debug|Any CPU.ActiveCfg = Debug|Any CPU
		{36BD32C0-9212-4FE1-BE5E-64ECA700E357}.Debug|Any CPU.Build.0 = Debug|Any CPU
		{36BD32C0-9212-4FE1-BE5E-64ECA700E357}.Release|Any CPU.ActiveCfg = Release|Any CPU
		{36BD32C0-9212-4FE1-BE5E-64ECA700E357}.Release|Any CPU.Build.0 = Release|Any CPU
		{CACCB1D3-897A-4DF4-98E8-212DA23C623B}.Debug|Any CPU.ActiveCfg = Debug|Any CPU
		{CACCB1D3-897A-4DF4-98E8-212DA23C623B}.Debug|Any CPU.Build.0 = Debug|Any CPU
		{CACCB1D3-897A-4DF4-98E8-212DA23C623B}.Release|Any CPU.ActiveCfg = Release|Any CPU
		{CACCB1D3-897A-4DF4-98E8-212DA23C623B}.Release|Any CPU.Build.0 = Release|Any CPU
	EndGlobalSection
	GlobalSection(SolutionProperties) = preSolution
		HideSolutionNode = FALSE
	EndGlobalSection
	GlobalSection(ExtensibilityGlobals) = postSolution
		SolutionGuid = {96FD46E9-5B89-4F80-B095-E0A2FA163075}
	EndGlobalSection
	GlobalSection(NestedProjects) = preSolution
		{1001EC44-4AB9-4A59-AB48-B5C0B957FF05} = {FC556783-3393-4366-8927-E4D2F3FDD68B}
		{DBF37AEA-A4E6-42AF-B4E6-6F7F467ADA3F} = {1001EC44-4AB9-4A59-AB48-B5C0B957FF05}
		{C70ED06B-5838-485C-8E17-90AAA4C8BCDE} = {FC556783-3393-4366-8927-E4D2F3FDD68B}
		{45A990C3-EA15-45CE-8E12-F5A58CFEB17C} = {C70ED06B-5838-485C-8E17-90AAA4C8BCDE}
		{1788C5E7-FD56-4026-9DB5-70DF2CA6B37E} = {FC556783-3393-4366-8927-E4D2F3FDD68B}
		{098DA0DC-D075-4AB0-A853-B4FE38BF7DE3} = {1788C5E7-FD56-4026-9DB5-70DF2CA6B37E}
		{F0277043-83A8-49A2-A754-67A70DCFF93C} = {1788C5E7-FD56-4026-9DB5-70DF2CA6B37E}
		{C8FA268C-9840-4931-B338-603268CCFC18} = {098DA0DC-D075-4AB0-A853-B4FE38BF7DE3}
		{8B8EB2D2-B7BC-425B-9F8C-A41BEDF7712D} = {098DA0DC-D075-4AB0-A853-B4FE38BF7DE3}
		{3FE88754-B264-4AD7-A6CE-E20D88AA21D1} = {F0277043-83A8-49A2-A754-67A70DCFF93C}
		{8CF7ADCA-086D-4D9E-9B4B-D7F97EA1B9A2} = {1788C5E7-FD56-4026-9DB5-70DF2CA6B37E}
		{224F4642-1E8B-4797-919F-78A2C43BBCAB} = {8CF7ADCA-086D-4D9E-9B4B-D7F97EA1B9A2}
		{F38C3CA1-BEEA-43CF-BD25-1975B331D060} = {32C8A920-378A-485A-8DBF-7099838154ED}
		{0062F26A-86F5-48EA-A42D-0AE93F46CF06} = {FC556783-3393-4366-8927-E4D2F3FDD68B}
		{33AC16EC-B91E-4DF3-92C8-090948C916F0} = {0062F26A-86F5-48EA-A42D-0AE93F46CF06}
		{10081818-3D43-4BB3-98AC-69BA5F20492A} = {0062F26A-86F5-48EA-A42D-0AE93F46CF06}
		{C1E14E42-BEB6-420D-AF4A-450F4ABC5D94} = {0062F26A-86F5-48EA-A42D-0AE93F46CF06}
		{09B2A231-A0C8-4904-A77F-9D1130D94105} = {0062F26A-86F5-48EA-A42D-0AE93F46CF06}
		{36BD32C0-9212-4FE1-BE5E-64ECA700E357} = {0062F26A-86F5-48EA-A42D-0AE93F46CF06}
		{4472994A-D0CA-43CC-B9B1-3926383DBA99} = {FC556783-3393-4366-8927-E4D2F3FDD68B}
		{CACCB1D3-897A-4DF4-98E8-212DA23C623B} = {4472994A-D0CA-43CC-B9B1-3926383DBA99}
	EndGlobalSection
EndGlobal
